{
  "name": "dc0e4954-6b9c-46db-8eac-f00ccdeef429",
  "version": "1.0.0",
  "lockfileVersion": 1,
  "requires": true,
  "dependencies": {
    "decentraland-builder-scripts": {
      "version": "0.24.0",
      "resolved": "https://registry.npmjs.org/decentraland-builder-scripts/-/decentraland-builder-scripts-0.24.0.tgz",
      "integrity": "sha512-gqCwQCLX1oez3rACmeqmVUyYmcwZmpk2VozfBF4LRMawgX1YoInraKbuOTs+2DbrDG8zmbDGDCj6wAeLsg7irA==",
      "requires": {
        "decentraland-ecs": "^6.1.4"
      },
      "dependencies": {
        "decentraland-ecs": {
          "version": "6.4.10",
          "resolved": "https://registry.npmjs.org/decentraland-ecs/-/decentraland-ecs-6.4.10.tgz",
          "integrity": "sha512-r4ByNXM2ERhHsjBX5EOVTKgfP5GgdWhvjvpsJjm0Avj8LTtBMy1AjBoYp/ZnM/glX3e07tyQO6/yc0y+aZbTrg==",
          "requires": {
            "typescript": "^3.8.3",
            "uglify-js": "^3.5.2"
          }
        }
      }
    },
    "decentraland-crypto-utils": {
      "version": "git+https://github.com/HPrivakos/decentraland-crypto-utils.git#e42715adb6e6c1323d8e6acb3687756396d2abe1",
      "from": "git+https://github.com/HPrivakos/decentraland-crypto-utils.git",
      "requires": {
        "decentraland-ecs": "^6.4.8",
        "eth-connect": "^4.0.2"
      },
      "dependencies": {
        "decentraland-ecs": {
          "version": "6.4.10",
          "resolved": "https://registry.npmjs.org/decentraland-ecs/-/decentraland-ecs-6.4.10.tgz",
          "integrity": "sha512-r4ByNXM2ERhHsjBX5EOVTKgfP5GgdWhvjvpsJjm0Avj8LTtBMy1AjBoYp/ZnM/glX3e07tyQO6/yc0y+aZbTrg==",
          "requires": {
            "typescript": "^3.8.3",
            "uglify-js": "^3.5.2"
          }
        }
      }
    },
    "decentraland-ecs": {
      "version": "6.4.10",
      "resolved": "https://registry.npmjs.org/decentraland-ecs/-/decentraland-ecs-6.4.10.tgz",
      "integrity": "sha512-r4ByNXM2ERhHsjBX5EOVTKgfP5GgdWhvjvpsJjm0Avj8LTtBMy1AjBoYp/ZnM/glX3e07tyQO6/yc0y+aZbTrg==",
      "dev": true,
      "requires": {
        "typescript": "^3.8.3",
        "uglify-js": "^3.5.2"
      }
    },
    "decentraland-ecs-utils": {
      "version": "1.1.4",
      "resolved": "https://registry.npmjs.org/decentraland-ecs-utils/-/decentraland-ecs-utils-1.1.4.tgz",
      "integrity": "sha512-OVVvkeF7bLbE6HmA4XhsP9X2gawvsh8lwqcK49Olm8sz+3I3YtZxZk9IMdjjsPAYyX1B/08v0ZDjSZdWBIm2lw=="
    },
    "eth-connect": {
      "version": "4.0.2",
      "resolved": "https://registry.npmjs.org/eth-connect/-/eth-connect-4.0.2.tgz",
      "integrity": "sha512-ifDMf6KHhKSH2uULOYfjGN9JqyZ3WlSkhAenBNzYdfDLwelXCXzXDAx7Ta2zueOag9x8o/JstCy2Nbsrgs3kVg=="
    },
    "typescript": {
      "version": "3.9.7",
      "resolved": "https://registry.npmjs.org/typescript/-/typescript-3.9.7.tgz",
      "integrity": "sha512-BLbiRkiBzAwsjut4x/dsibSTB6yWpwT5qWmC2OfuCg3GgVQCSgMs4vEctYPhsaGtd0AeuuHMkjZ2h2WG8MSzRw=="
    },
    "uglify-js": {
      "version": "3.10.1",
      "resolved": "https://registry.npmjs.org/uglify-js/-/uglify-js-3.10.1.tgz",
      "integrity": "sha512-RjxApKkrPJB6kjJxQS3iZlf///REXWYxYJxO/MpmlQzVkDWVI3PSnCBWezMecmTU/TRkNxrl8bmsfFQCp+LO+Q=="
    }
  }
}
